// !$*UTF8*$!
{
	archiveVersion = 1;
	classes = {
	};
	objectVersion = 56;
	objects = {

/* Begin PBXBuildFile section */
		6494614A2B06480300A6E3A1 /* AppDelegate.swift in Sources */ = {isa = PBXBuildFile; fileRef = 649461492B06480300A6E3A1 /* AppDelegate.swift */; };
		6494614C2B06480300A6E3A1 /* SceneDelegate.swift in Sources */ = {isa = PBXBuildFile; fileRef = 6494614B2B06480300A6E3A1 /* SceneDelegate.swift */; };
		6494614E2B06480300A6E3A1 /* CalculatingViewController.swift in Sources */ = {isa = PBXBuildFile; fileRef = 6494614D2B06480300A6E3A1 /* CalculatingViewController.swift */; };
		649461532B06480400A6E3A1 /* Assets.xcassets in Resources */ = {isa = PBXBuildFile; fileRef = 649461522B06480400A6E3A1 /* Assets.xcassets */; };
		649461562B06480400A6E3A1 /* LaunchScreen.storyboard in Resources */ = {isa = PBXBuildFile; fileRef = 649461542B06480400A6E3A1 /* LaunchScreen.storyboard */; };
		6494615E2B06543200A6E3A1 /* Extensions.swift in Sources */ = {isa = PBXBuildFile; fileRef = 6494615D2B06543200A6E3A1 /* Extensions.swift */; };
		649461602B06640500A6E3A1 /* CustomButton.swift in Sources */ = {isa = PBXBuildFile; fileRef = 6494615F2B06640500A6E3A1 /* CustomButton.swift */; };
		BB294D42CF93E2558B4C2A3F /* Pods_Neobis_iOS_Calculating.framework in Frameworks */ = {isa = PBXBuildFile; fileRef = 4841D77B1571C69EB0413596 /* Pods_Neobis_iOS_Calculating.framework */; };
/* End PBXBuildFile section */

/* Begin PBXFileReference section */
		4841D77B1571C69EB0413596 /* Pods_Neobis_iOS_Calculating.framework */ = {isa = PBXFileReference; explicitFileType = wrapper.framework; includeInIndex = 0; path = Pods_Neobis_iOS_Calculating.framework; sourceTree = BUILT_PRODUCTS_DIR; };
		649461462B06480300A6E3A1 /* Neobis_iOS_Calculating.app */ = {isa = PBXFileReference; explicitFileType = wrapper.application; includeInIndex = 0; path = Neobis_iOS_Calculating.app; sourceTree = BUILT_PRODUCTS_DIR; };
		649461492B06480300A6E3A1 /* AppDelegate.swift */ = {isa = PBXFileReference; lastKnownFileType = sourcecode.swift; path = AppDelegate.swift; sourceTree = "<group>"; };
		6494614B2B06480300A6E3A1 /* SceneDelegate.swift */ = {isa = PBXFileReference; lastKnownFileType = sourcecode.swift; path = SceneDelegate.swift; sourceTree = "<group>"; };
		6494614D2B06480300A6E3A1 /* CalculatingViewController.swift */ = {isa = PBXFileReference; lastKnownFileType = sourcecode.swift; path = CalculatingViewController.swift; sourceTree = "<group>"; };
		649461522B06480400A6E3A1 /* Assets.xcassets */ = {isa = PBXFileReference; lastKnownFileType = folder.assetcatalog; path = Assets.xcassets; sourceTree = "<group>"; };
		649461552B06480400A6E3A1 /* Base */ = {isa = PBXFileReference; lastKnownFileType = file.storyboard; name = Base; path = Base.lproj/LaunchScreen.storyboard; sourceTree = "<group>"; };
		649461572B06480400A6E3A1 /* Info.plist */ = {isa = PBXFileReference; lastKnownFileType = text.plist.xml; path = Info.plist; sourceTree = "<group>"; };
		6494615D2B06543200A6E3A1 /* Extensions.swift */ = {isa = PBXFileReference; lastKnownFileType = sourcecode.swift; path = Extensions.swift; sourceTree = "<group>"; };
		6494615F2B06640500A6E3A1 /* CustomButton.swift */ = {isa = PBXFileReference; lastKnownFileType = sourcecode.swift; path = CustomButton.swift; sourceTree = "<group>"; };
		A7BAC51A6A6E3D720C8B52C1 /* Pods-Neobis_iOS_Calculating.release.xcconfig */ = {isa = PBXFileReference; includeInIndex = 1; lastKnownFileType = text.xcconfig; name = "Pods-Neobis_iOS_Calculating.release.xcconfig"; path = "Target Support Files/Pods-Neobis_iOS_Calculating/Pods-Neobis_iOS_Calculating.release.xcconfig"; sourceTree = "<group>"; };
		D0F70E59EEC3B0DE5CB02C10 /* Pods-Neobis_iOS_Calculating.debug.xcconfig */ = {isa = PBXFileReference; includeInIndex = 1; lastKnownFileType = text.xcconfig; name = "Pods-Neobis_iOS_Calculating.debug.xcconfig"; path = "Target Support Files/Pods-Neobis_iOS_Calculating/Pods-Neobis_iOS_Calculating.debug.xcconfig"; sourceTree = "<group>"; };
/* End PBXFileReference section */

/* Begin PBXFrameworksBuildPhase section */
		649461432B06480300A6E3A1 /* Frameworks */ = {
			isa = PBXFrameworksBuildPhase;
			buildActionMask = 2147483647;
			files = (
				BB294D42CF93E2558B4C2A3F /* Pods_Neobis_iOS_Calculating.framework in Frameworks */,
			);
			runOnlyForDeploymentPostprocessing = 0;
		};
/* End PBXFrameworksBuildPhase section */

/* Begin PBXGroup section */
		6494613D2B06480300A6E3A1 = {
			isa = PBXGroup;
			children = (
				649461482B06480300A6E3A1 /* Neobis_iOS_Calculating */,
				649461472B06480300A6E3A1 /* Products */,
				A9AFE011772056AE506B5E5D /* Pods */,
				C7487585F52F8A52371D70F0 /* Frameworks */,
			);
			sourceTree = "<group>";
		};
		649461472B06480300A6E3A1 /* Products */ = {
			isa = PBXGroup;
			children = (
				649461462B06480300A6E3A1 /* Neobis_iOS_Calculating.app */,
			);
			name = Products;
			sourceTree = "<group>";
		};
		649461482B06480300A6E3A1 /* Neobis_iOS_Calculating */ = {
			isa = PBXGroup;
			children = (
				649461492B06480300A6E3A1 /* AppDelegate.swift */,
				6494614B2B06480300A6E3A1 /* SceneDelegate.swift */,
				6494614D2B06480300A6E3A1 /* CalculatingViewController.swift */,
				6494615F2B06640500A6E3A1 /* CustomButton.swift */,
				6494615D2B06543200A6E3A1 /* Extensions.swift */,
				649461522B06480400A6E3A1 /* Assets.xcassets */,
				649461542B06480400A6E3A1 /* LaunchScreen.storyboard */,
				649461572B06480400A6E3A1 /* Info.plist */,
			);
			path = Neobis_iOS_Calculating;
			sourceTree = "<group>";
		};
		A9AFE011772056AE506B5E5D /* Pods */ = {
			isa = PBXGroup;
			children = (
				D0F70E59EEC3B0DE5CB02C10 /* Pods-Neobis_iOS_Calculating.debug.xcconfig */,
				A7BAC51A6A6E3D720C8B52C1 /* Pods-Neobis_iOS_Calculating.release.xcconfig */,
			);
			path = Pods;
			sourceTree = "<group>";
		};
		C7487585F52F8A52371D70F0 /* Frameworks */ = {
			isa = PBXGroup;
			children = (
				4841D77B1571C69EB0413596 /* Pods_Neobis_iOS_Calculating.framework */,
			);
			name = Frameworks;
			sourceTree = "<group>";
		};
/* End PBXGroup section */

/* Begin PBXNativeTarget section */
		649461452B06480300A6E3A1 /* Neobis_iOS_Calculating */ = {
			isa = PBXNativeTarget;
			buildConfigurationList = 6494615A2B06480400A6E3A1 /* Build configuration list for PBXNativeTarget "Neobis_iOS_Calculating" */;
			buildPhases = (
				FD7D16EF920FF58D28D1DE7B /* [CP] Check Pods Manifest.lock */,
				649461422B06480300A6E3A1 /* Sources */,
				649461432B06480300A6E3A1 /* Frameworks */,
				649461442B06480300A6E3A1 /* Resources */,
				078F6F894D8083DE4D0421B4 /* [CP] Embed Pods Frameworks */,
			);
			buildRules = (
			);
			dependencies = (
			);
			name = Neobis_iOS_Calculating;
			productName = Neobis_iOS_Calculating;
			productReference = 649461462B06480300A6E3A1 /* Neobis_iOS_Calculating.app */;
			productType = "com.apple.product-type.application";
		};
/* End PBXNativeTarget section */

/* Begin PBXProject section */
		6494613E2B06480300A6E3A1 /* Project object */ = {
			isa = PBXProject;
			attributes = {
				BuildIndependentTargetsInParallel = 1;
				LastSwiftUpdateCheck = 1420;
				LastUpgradeCheck = 1420;
				TargetAttributes = {
					649461452B06480300A6E3A1 = {
						CreatedOnToolsVersion = 14.2;
					};
				};
			};
			buildConfigurationList = 649461412B06480300A6E3A1 /* Build configuration list for PBXProject "Neobis_iOS_Calculating" */;
			compatibilityVersion = "Xcode 14.0";
			developmentRegion = en;
			hasScannedForEncodings = 0;
			knownRegions = (
				en,
				Base,
			);
			mainGroup = 6494613D2B06480300A6E3A1;
			productRefGroup = 649461472B06480300A6E3A1 /* Products */;
			projectDirPath = "";
			projectRoot = "";
			targets = (
				649461452B06480300A6E3A1 /* Neobis_iOS_Calculating */,
			);
		};
/* End PBXProject section */

/* Begin PBXResourcesBuildPhase section */
		649461442B06480300A6E3A1 /* Resources */ = {
			isa = PBXResourcesBuildPhase;
			buildActionMask = 2147483647;
			files = (
				649461562B06480400A6E3A1 /* LaunchScreen.storyboard in Resources */,
				649461532B06480400A6E3A1 /* Assets.xcassets in Resources */,
			);
			runOnlyForDeploymentPostprocessing = 0;
		};
/* End PBXResourcesBuildPhase section */

/* Begin PBXShellScriptBuildPhase section */
		078F6F894D8083DE4D0421B4 /* [CP] Embed Pods Frameworks */ = {
			isa = PBXShellScriptBuildPhase;
			buildActionMask = 2147483647;
			files = (
			);
			inputFileListPaths = (
				"${PODS_ROOT}/Target Support Files/Pods-Neobis_iOS_Calculating/Pods-Neobis_iOS_Calculating-frameworks-${CONFIGURATION}-input-files.xcfilelist",
			);
			name = "[CP] Embed Pods Frameworks";
			outputFileListPaths = (
				"${PODS_ROOT}/Target Support Files/Pods-Neobis_iOS_Calculating/Pods-Neobis_iOS_Calculating-frameworks-${CONFIGURATION}-output-files.xcfilelist",
			);
			runOnlyForDeploymentPostprocessing = 0;
			shellPath = /bin/sh;
			shellScript = "\"${PODS_ROOT}/Target Support Files/Pods-Neobis_iOS_Calculating/Pods-Neobis_iOS_Calculating-frameworks.sh\"\n";
			showEnvVarsInLog = 0;
		};
		FD7D16EF920FF58D28D1DE7B /* [CP] Check Pods Manifest.lock */ = {
			isa = PBXShellScriptBuildPhase;
			buildActionMask = 2147483647;
			files = (
			);
			inputFileListPaths = (
			);
			inputPaths = (
				"${PODS_PODFILE_DIR_PATH}/Podfile.lock",
				"${PODS_ROOT}/Manifest.lock",
			);
			name = "[CP] Check Pods Manifest.lock";
			outputFileListPaths = (
			);
			outputPaths = (
				"$(DERIVED_FILE_DIR)/Pods-Neobis_iOS_Calculating-checkManifestLockResult.txt",
			);
			runOnlyForDeploymentPostprocessing = 0;
			shellPath = /bin/sh;
			shellScript = "diff \"${PODS_PODFILE_DIR_PATH}/Podfile.lock\" \"${PODS_ROOT}/Manifest.lock\" > /dev/null\nif [ $? != 0 ] ; then\n    # print error to STDERR\n    echo \"error: The sandbox is not in sync with the Podfile.lock. Run 'pod install' or update your CocoaPods installation.\" >&2\n    exit 1\nfi\n# This output is used by Xcode 'outputs' to avoid re-running this script phase.\necho \"SUCCESS\" > \"${SCRIPT_OUTPUT_FILE_0}\"\n";
			showEnvVarsInLog = 0;
		};
/* End PBXShellScriptBuildPhase section */

/* Begin PBXSourcesBuildPhase section */
		649461422B06480300A6E3A1 /* Sources */ = {
			isa = PBXSourcesBuildPhase;
			buildActionMask = 2147483647;
			files = (
				6494614E2B06480300A6E3A1 /* CalculatingViewController.swift in Sources */,
				6494614A2B06480300A6E3A1 /* AppDelegate.swift in Sources */,
				6494614C2B06480300A6E3A1 /* SceneDelegate.swift in Sources */,
				6494615E2B06543200A6E3A1 /* Extensions.swift in Sources */,
				649461602B06640500A6E3A1 /* CustomButton.swift in Sources */,
			);
			runOnlyForDeploymentPostprocessing = 0;
		};
/* End PBXSourcesBuildPhase section */

/* Begin PBXVariantGroup section */
		649461542B06480400A6E3A1 /* LaunchScreen.storyboard */ = {
			isa = PBXVariantGroup;
			children = (
				649461552B06480400A6E3A1 /* Base */,
			);
			name = LaunchScreen.storyboard;
			sourceTree = "<group>";
		};
/* End PBXVariantGroup section */

/* Begin XCBuildConfiguration section */
		649461582B06480400A6E3A1 /* Debug */ = {
			isa = XCBuildConfiguration;
			buildSettings = {
				ALWAYS_SEARCH_USER_PATHS = NO;
				CLANG_ANALYZER_NONNULL = YES;
				CLANG_ANALYZER_NUMBER_OBJECT_CONVERSION = YES_AGGRESSIVE;
				CLANG_CXX_LANGUAGE_STANDARD = "gnu++20";
				CLANG_ENABLE_MODULES = YES;
				CLANG_ENABLE_OBJC_ARC = YES;
				CLANG_ENABLE_OBJC_WEAK = YES;
				CLANG_WARN_BLOCK_CAPTURE_AUTORELEASING = YES;
				CLANG_WARN_BOOL_CONVERSION = YES;
				CLANG_WARN_COMMA = YES;
				CLANG_WARN_CONSTANT_CONVERSION = YES;
				CLANG_WARN_DEPRECATED_OBJC_IMPLEMENTATIONS = YES;
				CLANG_WARN_DIRECT_OBJC_ISA_USAGE = YES_ERROR;
				CLANG_WARN_DOCUMENTATION_COMMENTS = YES;
				CLANG_WARN_EMPTY_BODY = YES;
				CLANG_WARN_ENUM_CONVERSION = YES;
				CLANG_WARN_INFINITE_RECURSION = YES;
				CLANG_WARN_INT_CONVERSION = YES;
				CLANG_WARN_NON_LITERAL_NULL_CONVERSION = YES;
				CLANG_WARN_OBJC_IMPLICIT_RETAIN_SELF = YES;
				CLANG_WARN_OBJC_LITERAL_CONVERSION = YES;
				CLANG_WARN_OBJC_ROOT_CLASS = YES_ERROR;
				CLANG_WARN_QUOTED_INCLUDE_IN_FRAMEWORK_HEADER = YES;
				CLANG_WARN_RANGE_LOOP_ANALYSIS = YES;
				CLANG_WARN_STRICT_PROTOTYPES = YES;
				CLANG_WARN_SUSPICIOUS_MOVE = YES;
				CLANG_WARN_UNGUARDED_AVAILABILITY = YES_AGGRESSIVE;
				CLANG_WARN_UNREACHABLE_CODE = YES;
				CLANG_WARN__DUPLICATE_METHOD_MATCH = YES;
				COPY_PHASE_STRIP = NO;
				DEBUG_INFORMATION_FORMAT = dwarf;
				ENABLE_STRICT_OBJC_MSGSEND = YES;
				ENABLE_TESTABILITY = YES;
				GCC_C_LANGUAGE_STANDARD = gnu11;
				GCC_DYNAMIC_NO_PIC = NO;
				GCC_NO_COMMON_BLOCKS = YES;
				GCC_OPTIMIZATION_LEVEL = 0;
				GCC_PREPROCESSOR_DEFINITIONS = (
					"DEBUG=1",
					"$(inherited)",
				);
				GCC_WARN_64_TO_32_BIT_CONVERSION = YES;
				GCC_WARN_ABOUT_RETURN_TYPE = YES_ERROR;
				GCC_WARN_UNDECLARED_SELECTOR = YES;
				GCC_WARN_UNINITIALIZED_AUTOS = YES_AGGRESSIVE;
				GCC_WARN_UNUSED_FUNCTION = YES;
				GCC_WARN_UNUSED_VARIABLE = YES;
				IPHONEOS_DEPLOYMENT_TARGET = 16.2;
				MTL_ENABLE_DEBUG_INFO = INCLUDE_SOURCE;
				MTL_FAST_MATH = YES;
				ONLY_ACTIVE_ARCH = YES;
				SDKROOT = iphoneos;
				SWIFT_ACTIVE_COMPILATION_CONDITIONS = DEBUG;
				SWIFT_OPTIMIZATION_LEVEL = "-Onone";
			};
			name = Debug;
		};
		649461592B06480400A6E3A1 /* Release */ = {
			isa = XCBuildConfiguration;
			buildSettings = {
				ALWAYS_SEARCH_USER_PATHS = NO;
				CLANG_ANALYZER_NONNULL = YES;
				CLANG_ANALYZER_NUMBER_OBJECT_CONVERSION = YES_AGGRESSIVE;
				CLANG_CXX_LANGUAGE_STANDARD = "gnu++20";
				CLANG_ENABLE_MODULES = YES;
				CLANG_ENABLE_OBJC_ARC = YES;
				CLANG_ENABLE_OBJC_WEAK = YES;
				CLANG_WARN_BLOCK_CAPTURE_AUTORELEASING = YES;
				CLANG_WARN_BOOL_CONVERSION = YES;
				CLANG_WARN_COMMA = YES;
				CLANG_WARN_CONSTANT_CONVERSION = YES;
				CLANG_WARN_DEPRECATED_OBJC_IMPLEMENTATIONS = YES;
				CLANG_WARN_DIRECT_OBJC_ISA_USAGE = YES_ERROR;
				CLANG_WARN_DOCUMENTATION_COMMENTS = YES;
				CLANG_WARN_EMPTY_BODY = YES;
				CLANG_WARN_ENUM_CONVERSION = YES;
				CLANG_WARN_INFINITE_RECURSION = YES;
				CLANG_WARN_INT_CONVERSION = YES;
				CLANG_WARN_NON_LITERAL_NULL_CONVERSION = YES;
				CLANG_WARN_OBJC_IMPLICIT_RETAIN_SELF = YES;
				CLANG_WARN_OBJC_LITERAL_CONVERSION = YES;
				CLANG_WARN_OBJC_ROOT_CLASS = YES_ERROR;
				CLANG_WARN_QUOTED_INCLUDE_IN_FRAMEWORK_HEADER = YES;
				CLANG_WARN_RANGE_LOOP_ANALYSIS = YES;
				CLANG_WARN_STRICT_PROTOTYPES = YES;
				CLANG_WARN_SUSPICIOUS_MOVE = YES;
				CLANG_WARN_UNGUARDED_AVAILABILITY = YES_AGGRESSIVE;
				CLANG_WARN_UNREACHABLE_CODE = YES;
				CLANG_WARN__DUPLICATE_METHOD_MATCH = YES;
				COPY_PHASE_STRIP = NO;
				DEBUG_INFORMATION_FORMAT = "dwarf-with-dsym";
				ENABLE_NS_ASSERTIONS = NO;
				ENABLE_STRICT_OBJC_MSGSEND = YES;
				GCC_C_LANGUAGE_STANDARD = gnu11;
				GCC_NO_COMMON_BLOCKS = YES;
				GCC_WARN_64_TO_32_BIT_CONVERSION = YES;
				GCC_WARN_ABOUT_RETURN_TYPE = YES_ERROR;
				GCC_WARN_UNDECLARED_SELECTOR = YES;
				GCC_WARN_UNINITIALIZED_AUTOS = YES_AGGRESSIVE;
				GCC_WARN_UNUSED_FUNCTION = YES;
				GCC_WARN_UNUSED_VARIABLE = YES;
				IPHONEOS_DEPLOYMENT_TARGET = 16.2;
				MTL_ENABLE_DEBUG_INFO = NO;
				MTL_FAST_MATH = YES;
				SDKROOT = iphoneos;
				SWIFT_COMPILATION_MODE = wholemodule;
				SWIFT_OPTIMIZATION_LEVEL = "-O";
				VALIDATE_PRODUCT = YES;
			};
			name = Release;
		};
		6494615B2B06480400A6E3A1 /* Debug */ = {
			isa = XCBuildConfiguration;
			baseConfigurationReference = D0F70E59EEC3B0DE5CB02C10 /* Pods-Neobis_iOS_Calculating.debug.xcconfig */;
			buildSettings = {
				ASSETCATALOG_COMPILER_APPICON_NAME = AppIcon;
				ASSETCATALOG_COMPILER_GLOBAL_ACCENT_COLOR_NAME = AccentColor;
				CODE_SIGN_STYLE = Automatic;
				CURRENT_PROJECT_VERSION = 1;
				DEVELOPMENT_TEAM = W2CT3M99U7;
				GENERATE_INFOPLIST_FILE = YES;
				INFOPLIST_FILE = Neobis_iOS_Calculating/Info.plist;
				INFOPLIST_KEY_UIApplicationSupportsIndirectInputEvents = YES;
				INFOPLIST_KEY_UILaunchStoryboardName = LaunchScreen;
				INFOPLIST_KEY_UISupportedInterfaceOrientations_iPad = "UIInterfaceOrientationPortrait UIInterfaceOrientationPortraitUpsideDown UIInterfaceOrientationLandscapeLeft UIInterfaceOrientationLandscapeRight";
				INFOPLIST_KEY_UISupportedInterfaceOrientations_iPhone = "UIInterfaceOrientationPortrait UIInterfaceOrientationLandscapeLeft UIInterfaceOrientationLandscapeRight";
				LD_RUNPATH_SEARCH_PATHS = (
					"$(inherited)",
					"@executable_path/Frameworks",
				);
				MARKETING_VERSION = 1.0;
				PRODUCT_BUNDLE_IDENTIFIER = "Kr57.Neobis-iOS-Calculating";
				PRODUCT_NAME = "$(TARGET_NAME)";
				SWIFT_EMIT_LOC_STRINGS = YES;
				SWIFT_VERSION = 5.0;
				TARGETED_DEVICE_FAMILY = "1,2";
			};
			name = Debug;
		};
		6494615C2B06480400A6E3A1 /* Release */ = {
			isa = XCBuildConfiguration;
			baseConfigurationReference = A7BAC51A6A6E3D720C8B52C1 /* Pods-Neobis_iOS_Calculating.release.xcconfig */;
			buildSettings = {
				ASSETCATALOG_COMPILER_APPICON_NAME = AppIcon;
				ASSETCATALOG_COMPILER_GLOBAL_ACCENT_COLOR_NAME = AccentColor;
				CODE_SIGN_STYLE = Automatic;
				CURRENT_PROJECT_VERSION = 1;
				DEVELOPMENT_TEAM = W2CT3M99U7;
				GENERATE_INFOPLIST_FILE = YES;
				INFOPLIST_FILE = Neobis_iOS_Calculating/Info.plist;
				INFOPLIST_KEY_UIApplicationSupportsIndirectInputEvents = YES;
				INFOPLIST_KEY_UILaunchStoryboardName = LaunchScreen;
				INFOPLIST_KEY_UISupportedInterfaceOrientations_iPad = "UIInterfaceOrientationPortrait UIInterfaceOrientationPortraitUpsideDown UIInterfaceOrientationLandscapeLeft UIInterfaceOrientationLandscapeRight";
				INFOPLIST_KEY_UISupportedInterfaceOrientations_iPhone = "UIInterfaceOrientationPortrait UIInterfaceOrientationLandscapeLeft UIInterfaceOrientationLandscapeRight";
				LD_RUNPATH_SEARCH_PATHS = (
					"$(inherited)",
					"@executable_path/Frameworks",
				);
				MARKETING_VERSION = 1.0;
				PRODUCT_BUNDLE_IDENTIFIER = "Kr57.Neobis-iOS-Calculating";
				PRODUCT_NAME = "$(TARGET_NAME)";
				SWIFT_EMIT_LOC_STRINGS = YES;
				SWIFT_VERSION = 5.0;
				TARGETED_DEVICE_FAMILY = "1,2";
			};
			name = Release;
		};
/* End XCBuildConfiguration section */

/* Begin XCConfigurationList section */
		649461412B06480300A6E3A1 /* Build configuration list for PBXProject "Neobis_iOS_Calculating" */ = {
			isa = XCConfigurationList;
			buildConfigurations = (
				649461582B06480400A6E3A1 /* Debug */,
				649461592B06480400A6E3A1 /* Release */,
			);
			defaultConfigurationIsVisible = 0;
			defaultConfigurationName = Release;
		};
		6494615A2B06480400A6E3A1 /* Build configuration list for PBXNativeTarget "Neobis_iOS_Calculating" */ = {
			isa = XCConfigurationList;
			buildConfigurations = (
				6494615B2B06480400A6E3A1 /* Debug */,
				6494615C2B06480400A6E3A1 /* Release */,
			);
			defaultConfigurationIsVisible = 0;
			defaultConfigurationName = Release;
		};
/* End XCConfigurationList section */
	};
	rootObject = 6494613E2B06480300A6E3A1 /* Project object */;
}
